{
  "name": "stock-crawling-bot",
  "lockfileVersion": 3,
  "requires": true,
  "packages": {
    "": {
      "dependencies": {
        "@grapecity/spread-excelio": "^16.2.2",
        "@grapecity/spread-sheets": "^16.2.2",
        "jquery": "^3.7.1"
      }
    },
    "node_modules/@grapecity/spread-excelio": {
      "version": "16.2.2",
      "resolved": "https://registry.npmjs.org/@grapecity/spread-excelio/-/spread-excelio-16.2.2.tgz",
      "integrity": "sha512-vYwr95u4v+hRmfWNcDgATbCKXIi7e/qfSKnTqJwdytokoVtpsPfRJYfDbkPcOZZXSMcBkrKRyMONYQF1x+Ic0w==",
      "dependencies": {
        "@grapecity/spread-sheets": "16.2.2"
      }
    },
    "node_modules/@grapecity/spread-sheets": {
      "version": "16.2.2",
      "resolved": "https://registry.npmjs.org/@grapecity/spread-sheets/-/spread-sheets-16.2.2.tgz",
      "integrity": "sha512-ZMXa3WVsHQnPUWPORRXT1Xj2oC5Z002TMcD0Nfdbnm46qIxxYc2Y760X/ovFi6Gfb9d8K6nFOa46ih27IWawag=="
    },
    "node_modules/jquery": {
      "version": "3.7.1",
      "resolved": "https://registry.npmjs.org/jquery/-/jquery-3.7.1.tgz",
      "integrity": "sha512-m4avr8yL8kmFN8psrbFFFmB/If14iN5o9nw/NgnnM+kybDJpRsAynV2BsfpTYrTRysYUdADVD7CkUUizgkpLfg=="
    }
  }
}
